
Microsoft Visual Studio Solution File, Format Version 12.00
# Visual Studio 15
VisualStudioVersion = 15.0.26730.3
MinimumVisualStudioVersion = 10.0.40219.1
Project("{FAE04EC0-301F-11D3-BF4B-00C04F79EFBC}") = "WPF.UserControlDemo", "WPF.UserControlDemo\WPF.UserControlDemo.csproj", "{73B36F33-631E-41EC-A9DD-4D11149F0560}"
EndProject
Global
	GlobalSection(SolutionConfigurationPlatforms) = preSolution
		Debug|Any CPU = Debug|Any CPU
		Release|Any CPU = Release|Any CPU
	EndGlobalSection
	GlobalSection(ProjectConfigurationPlatforms) = postSolution
		{73B36F33-631E-41EC-A9DD-4D11149F0560}.Debug|Any CPU.ActiveCfg = Debug|Any CPU
		{73B36F33-631E-41EC-A9DD-4D11149F0560}.Debug|Any CPU.Build.0 = Debug|Any CPU
		{73B36F33-631E-41EC-A9DD-4D11149F0560}.Release|Any CPU.ActiveCfg = Release|Any CPU
		{73B36F33-631E-41EC-A9DD-4D11149F0560}.Release|Any CPU.Build.0 = Release|Any CPU
	EndGlobalSection
	GlobalSection(SolutionProperties) = preSolution
		HideSolutionNode = FALSE
	EndGlobalSection
	GlobalSection(ExtensibilityGlobals) = postSolution
		SolutionGuid = {E1CECAE6-8495-4AF3-9768-47ED76E75540}
	EndGlobalSection
EndGlobal
